
Microsoft Visual Studio Solution File, Format Version 11.00
# Visual Studio 2010
# SharpDevelop 4.4
Project("{FD48973F-F585-4F70-812B-4D0503B36CE9}") = "01.HelloWorld", "01.HelloWorld\01.HelloWorld.pyproj", "{004483A2-171E-4C7A-B49B-91B5A9483B06}"
EndProject
Project("{FD48973F-F585-4F70-812B-4D0503B36CE9}") = "02.Quake3Map", "02.Quake3Map\02.Quake3Map.pyproj", "{EE670575-3E76-408E-BAE0-22AC70880E60}"
EndProject
Project("{FD48973F-F585-4F70-812B-4D0503B36CE9}") = "03.CustomSceneNode", "03.CustomSceneNode\03.CustomSceneNode.pyproj", "{E03B0F45-184A-41F0-A0AE-E6EB4611A41A}"
EndProject
Project("{FD48973F-F585-4F70-812B-4D0503B36CE9}") = "04.Movement", "04.Movement\04.Movement.pyproj", "{9D5782A1-912A-436B-8E05-B9B60F4A3643}"
EndProject
Project("{FD48973F-F585-4F70-812B-4D0503B36CE9}") = "05.UserInterface", "05.UserInterface\05.UserInterface.pyproj", "{6F4F9A12-9B65-4CA2-A1E9-9D29975071BB}"
EndProject
Project("{FD48973F-F585-4F70-812B-4D0503B36CE9}") = "06.2DGraphics", "06.2DGraphics\06.2DGraphics.pyproj", "{485794BA-74C8-40B2-90F5-65B88C9B27BB}"
EndProject
Project("{FD48973F-F585-4F70-812B-4D0503B36CE9}") = "07.Collision", "07.Collision\07.Collision.pyproj", "{4E76B22B-92D1-4287-B6E4-A176037AEE6C}"
EndProject
Project("{FD48973F-F585-4F70-812B-4D0503B36CE9}") = "08.SpecialFX", "08.SpecialFX\08.SpecialFX.pyproj", "{0F3F6153-C00A-445E-9548-B9919B064209}"
EndProject
Project("{FD48973F-F585-4F70-812B-4D0503B36CE9}") = "09.Meshviewer", "09.Meshviewer\09.Meshviewer.pyproj", "{B32B7153-C968-40CF-BF1D-D0BCB92121E6}"
EndProject
Project("{FD48973F-F585-4F70-812B-4D0503B36CE9}") = "10.Shaders", "10.Shaders\10.Shaders.pyproj", "{D688AA17-6F5A-4477-919E-6AB0D6102F42}"
EndProject
Project("{FD48973F-F585-4F70-812B-4D0503B36CE9}") = "11.PerPixelLighting", "11.PerPixelLighting\11.PerPixelLighting.pyproj", "{7D95AB9A-6989-4E19-B725-1148BB8B16CF}"
EndProject
Project("{FD48973F-F585-4F70-812B-4D0503B36CE9}") = "12.TerrainRendering", "12.TerrainRendering\12.TerrainRendering.pyproj", "{5A35CBD1-8A49-4548-92B6-7B189A91F371}"
EndProject
Project("{FD48973F-F585-4F70-812B-4D0503B36CE9}") = "13.RenderToTexture", "13.RenderToTexture\13.RenderToTexture.pyproj", "{7FE32DC1-82DD-4FFD-BB0D-F236B62AA956}"
EndProject
Project("{FD48973F-F585-4F70-812B-4D0503B36CE9}") = "15.LoadIrrFile", "15.LoadIrrFile\15.LoadIrrFile.pyproj", "{DE94C3AA-AD4E-4157-BEB2-2D1560164302}"
EndProject
Project("{FD48973F-F585-4F70-812B-4D0503B36CE9}") = "18.SplitScreen", "18.SplitScreen\18.SplitScreen.pyproj", "{4CEEF5DD-7802-40A2-BB5D-2A61E2DCFC0E}"
EndProject
Project("{FD48973F-F585-4F70-812B-4D0503B36CE9}") = "19.MouseAndJoystick", "19.MouseAndJoystick\19.MouseAndJoystick.pyproj", "{0607E78C-1CE1-4ACD-975F-9D11B6B85E42}"
EndProject
Project("{FD48973F-F585-4F70-812B-4D0503B36CE9}") = "23.MeshHandling", "23.MeshHandling\23.MeshHandling.pyproj", "{372D35E3-631E-47CB-B16D-E4E99129CCF2}"
EndProject
Project("{FD48973F-F585-4F70-812B-4D0503B36CE9}") = "26.OcclusionQuery", "26.OcclusionQuery\26.OcclusionQuery.pyproj", "{083E5C57-F7DD-45F9-A26A-34D4664BD5C4}"
EndProject
Project("{FD48973F-F585-4F70-812B-4D0503B36CE9}") = "L01.TexturePainting", "L01.TexturePainting\L01.TexturePainting.pyproj", "{92AD6C10-C16B-4CEE-8B0D-D0E092ED8A67}"
EndProject
Project("{FD48973F-F585-4F70-812B-4D0503B36CE9}") = "L02.WinFormsWindow", "L02.WinFormsWindow\L02.WinFormsWindow.pyproj", "{D26306A4-8A9B-4771-A8F3-2606ED2C1DA0}"
EndProject
Project("{FD48973F-F585-4F70-812B-4D0503B36CE9}") = "L03.RGBSwirl", "L03.RGBSwirl\L03.RGBSwirl.pyproj", "{9C325970-DB83-481B-9CB6-C398F93E9D43}"
EndProject
Project("{FD48973F-F585-4F70-812B-4D0503B36CE9}") = "L04.ParticleEmitterViewer", "L04.ParticleEmitterViewer\L04.ParticleEmitterViewer.pyproj", "{1AA3D678-F8F4-4DDB-BBA3-47FFC9A8D896}"
EndProject
Project("{FD48973F-F585-4F70-812B-4D0503B36CE9}") = "L05.ScreenshotToTexture", "L05.ScreenshotToTexture\L05.ScreenshotToTexture.pyproj", "{CD42B868-F82B-4C12-9D6B-A2CD4BCEDA31}"
EndProject
Project("{FD48973F-F585-4F70-812B-4D0503B36CE9}") = "L06.AnalogueClock", "L06.AnalogueClock\L06.AnalogueClock.pyproj", "{0E1BEC0C-A034-407B-A868-A5E5984613E6}"
EndProject
Project("{FD48973F-F585-4F70-812B-4D0503B36CE9}") = "L07.FastStaticRendering", "L07.FastStaticRendering\L07.FastStaticRendering.pyproj", "{F76E06F7-F697-4BA3-8CF6-6CE283867983}"
EndProject
Project("{FD48973F-F585-4F70-812B-4D0503B36CE9}") = "L09.SimpleLOD", "L09.SimpleLOD\L09.SimpleLOD.pyproj", "{DFCD010A-FB97-4AC1-9248-22D34CF7FC39}"
EndProject
Project("{FD48973F-F585-4F70-812B-4D0503B36CE9}") = "L10.ImageBrowser", "L10.ImageBrowser\L10.ImageBrowser.pyproj", "{94C7D3A0-2AD9-4D45-8E14-8A1BD76D7936}"
EndProject
Project("{FD48973F-F585-4F70-812B-4D0503B36CE9}") = "L12.StencilShadows", "L12.StencilShadows\L12.StencilShadows.pyproj", "{B823F483-CD5A-4D68-8075-55301F002E69}"
EndProject
Project("{FD48973F-F585-4F70-812B-4D0503B36CE9}") = "L13.FractalBrowser", "L13.FractalBrowser\L13.FractalBrowser.pyproj", "{E861AE03-0252-4AD1-AF46-9A7C0EC0D371}"
EndProject
Project("{FD48973F-F585-4F70-812B-4D0503B36CE9}") = "L14.Pathfinding", "L14.Pathfinding\L14.Pathfinding.pyproj", "{5AB8730E-F037-4B07-8EF4-78B9E5CFBDAF}"
EndProject
Project("{FD48973F-F585-4F70-812B-4D0503B36CE9}") = "L15.AbstractTrace", "L15.AbstractTrace\L15.AbstractTrace.pyproj", "{421CA0E4-E04D-44A2-9439-38B8765FEC1A}"
EndProject
Project("{FD48973F-F585-4F70-812B-4D0503B36CE9}") = "L16.SphereCamera", "L16.SphereCamera\L16.SphereCamera.pyproj", "{802AEE50-13D7-41D9-8689-9E0A066F6307}"
EndProject
Project("{FD48973F-F585-4F70-812B-4D0503B36CE9}") = "L17.Minesweeper", "L17.Minesweeper\L17.Minesweeper.pyproj", "{149945CE-7BF1-4C6D-8822-A33DD292BD7D}"
EndProject
Project("{FD48973F-F585-4F70-812B-4D0503B36CE9}") = "L18.LightningShots", "L18.LightningShots\L18.LightningShots.pyproj", "{FDB0FFC8-1997-4B2F-AE8B-A72E382633CF}"
EndProject
Global
	GlobalSection(SolutionConfigurationPlatforms) = preSolution
		Debug|Any CPU = Debug|Any CPU
		Debug|Win32 = Debug|Win32
		Debug|x64 = Debug|x64
		Release|Any CPU = Release|Any CPU
		Release|Win32 = Release|Win32
		Release|x64 = Release|x64
	EndGlobalSection
	GlobalSection(ProjectConfigurationPlatforms) = postSolution
		{004483A2-171E-4C7A-B49B-91B5A9483B06}.Debug|Any CPU.Build.0 = Debug|Any CPU
		{004483A2-171E-4C7A-B49B-91B5A9483B06}.Debug|Any CPU.ActiveCfg = Debug|Any CPU
		{004483A2-171E-4C7A-B49B-91B5A9483B06}.Debug|Win32.Build.0 = Debug|Any CPU
		{004483A2-171E-4C7A-B49B-91B5A9483B06}.Debug|Win32.ActiveCfg = Debug|Any CPU
		{004483A2-171E-4C7A-B49B-91B5A9483B06}.Debug|x64.Build.0 = Debug|x64
		{004483A2-171E-4C7A-B49B-91B5A9483B06}.Debug|x64.ActiveCfg = Debug|x64
		{004483A2-171E-4C7A-B49B-91B5A9483B06}.Release|Any CPU.Build.0 = Release|Any CPU
		{004483A2-171E-4C7A-B49B-91B5A9483B06}.Release|Any CPU.ActiveCfg = Release|Any CPU
		{004483A2-171E-4C7A-B49B-91B5A9483B06}.Release|Win32.Build.0 = Release|Any CPU
		{004483A2-171E-4C7A-B49B-91B5A9483B06}.Release|Win32.ActiveCfg = Release|x86
		{004483A2-171E-4C7A-B49B-91B5A9483B06}.Release|x64.Build.0 = Release|x64
		{004483A2-171E-4C7A-B49B-91B5A9483B06}.Release|x64.ActiveCfg = Release|x64
		{EE670575-3E76-408E-BAE0-22AC70880E60}.Debug|Any CPU.Build.0 = Debug|Any CPU
		{EE670575-3E76-408E-BAE0-22AC70880E60}.Debug|Any CPU.ActiveCfg = Debug|Any CPU
		{EE670575-3E76-408E-BAE0-22AC70880E60}.Debug|Win32.Build.0 = Debug|Any CPU
		{EE670575-3E76-408E-BAE0-22AC70880E60}.Debug|Win32.ActiveCfg = Debug|Any CPU
		{EE670575-3E76-408E-BAE0-22AC70880E60}.Debug|x64.Build.0 = Debug|x64
		{EE670575-3E76-408E-BAE0-22AC70880E60}.Debug|x64.ActiveCfg = Debug|x64
		{EE670575-3E76-408E-BAE0-22AC70880E60}.Release|Any CPU.Build.0 = Release|Any CPU
		{EE670575-3E76-408E-BAE0-22AC70880E60}.Release|Any CPU.ActiveCfg = Release|Any CPU
		{EE670575-3E76-408E-BAE0-22AC70880E60}.Release|Win32.Build.0 = Release|Any CPU
		{EE670575-3E76-408E-BAE0-22AC70880E60}.Release|Win32.ActiveCfg = Release|x86
		{EE670575-3E76-408E-BAE0-22AC70880E60}.Release|x64.Build.0 = Release|x64
		{EE670575-3E76-408E-BAE0-22AC70880E60}.Release|x64.ActiveCfg = Release|x64
		{E03B0F45-184A-41F0-A0AE-E6EB4611A41A}.Debug|Any CPU.Build.0 = Debug|Any CPU
		{E03B0F45-184A-41F0-A0AE-E6EB4611A41A}.Debug|Any CPU.ActiveCfg = Debug|Any CPU
		{E03B0F45-184A-41F0-A0AE-E6EB4611A41A}.Debug|Win32.Build.0 = Debug|Any CPU
		{E03B0F45-184A-41F0-A0AE-E6EB4611A41A}.Debug|Win32.ActiveCfg = Debug|Any CPU
		{E03B0F45-184A-41F0-A0AE-E6EB4611A41A}.Debug|x64.Build.0 = Debug|x64
		{E03B0F45-184A-41F0-A0AE-E6EB4611A41A}.Debug|x64.ActiveCfg = Debug|x64
		{E03B0F45-184A-41F0-A0AE-E6EB4611A41A}.Release|Any CPU.Build.0 = Release|Any CPU
		{E03B0F45-184A-41F0-A0AE-E6EB4611A41A}.Release|Any CPU.ActiveCfg = Release|Any CPU
		{E03B0F45-184A-41F0-A0AE-E6EB4611A41A}.Release|Win32.Build.0 = Release|Any CPU
		{E03B0F45-184A-41F0-A0AE-E6EB4611A41A}.Release|Win32.ActiveCfg = Release|x86
		{E03B0F45-184A-41F0-A0AE-E6EB4611A41A}.Release|x64.Build.0 = Release|x64
		{E03B0F45-184A-41F0-A0AE-E6EB4611A41A}.Release|x64.ActiveCfg = Release|x64
		{9D5782A1-912A-436B-8E05-B9B60F4A3643}.Debug|Any CPU.Build.0 = Debug|Any CPU
		{9D5782A1-912A-436B-8E05-B9B60F4A3643}.Debug|Any CPU.ActiveCfg = Debug|Any CPU
		{9D5782A1-912A-436B-8E05-B9B60F4A3643}.Debug|Win32.Build.0 = Debug|Any CPU
		{9D5782A1-912A-436B-8E05-B9B60F4A3643}.Debug|Win32.ActiveCfg = Debug|Any CPU
		{9D5782A1-912A-436B-8E05-B9B60F4A3643}.Debug|x64.Build.0 = Debug|x64
		{9D5782A1-912A-436B-8E05-B9B60F4A3643}.Debug|x64.ActiveCfg = Debug|x64
		{9D5782A1-912A-436B-8E05-B9B60F4A3643}.Release|Any CPU.Build.0 = Release|Any CPU
		{9D5782A1-912A-436B-8E05-B9B60F4A3643}.Release|Any CPU.ActiveCfg = Release|Any CPU
		{9D5782A1-912A-436B-8E05-B9B60F4A3643}.Release|Win32.Build.0 = Release|Any CPU
		{9D5782A1-912A-436B-8E05-B9B60F4A3643}.Release|Win32.ActiveCfg = Release|x86
		{9D5782A1-912A-436B-8E05-B9B60F4A3643}.Release|x64.Build.0 = Release|x64
		{9D5782A1-912A-436B-8E05-B9B60F4A3643}.Release|x64.ActiveCfg = Release|x64
		{6F4F9A12-9B65-4CA2-A1E9-9D29975071BB}.Debug|Any CPU.Build.0 = Debug|Any CPU
		{6F4F9A12-9B65-4CA2-A1E9-9D29975071BB}.Debug|Any CPU.ActiveCfg = Debug|Any CPU
		{6F4F9A12-9B65-4CA2-A1E9-9D29975071BB}.Debug|Win32.Build.0 = Debug|Any CPU
		{6F4F9A12-9B65-4CA2-A1E9-9D29975071BB}.Debug|Win32.ActiveCfg = Debug|Any CPU
		{6F4F9A12-9B65-4CA2-A1E9-9D29975071BB}.Debug|x64.Build.0 = Debug|x64
		{6F4F9A12-9B65-4CA2-A1E9-9D29975071BB}.Debug|x64.ActiveCfg = Debug|x64
		{6F4F9A12-9B65-4CA2-A1E9-9D29975071BB}.Release|Any CPU.Build.0 = Release|Any CPU
		{6F4F9A12-9B65-4CA2-A1E9-9D29975071BB}.Release|Any CPU.ActiveCfg = Release|Any CPU
		{6F4F9A12-9B65-4CA2-A1E9-9D29975071BB}.Release|Win32.Build.0 = Release|Any CPU
		{6F4F9A12-9B65-4CA2-A1E9-9D29975071BB}.Release|Win32.ActiveCfg = Release|x86
		{6F4F9A12-9B65-4CA2-A1E9-9D29975071BB}.Release|x64.Build.0 = Release|x64
		{6F4F9A12-9B65-4CA2-A1E9-9D29975071BB}.Release|x64.ActiveCfg = Release|x64
		{485794BA-74C8-40B2-90F5-65B88C9B27BB}.Debug|Any CPU.Build.0 = Debug|Any CPU
		{485794BA-74C8-40B2-90F5-65B88C9B27BB}.Debug|Any CPU.ActiveCfg = Debug|Any CPU
		{485794BA-74C8-40B2-90F5-65B88C9B27BB}.Debug|Win32.Build.0 = Debug|Any CPU
		{485794BA-74C8-40B2-90F5-65B88C9B27BB}.Debug|Win32.ActiveCfg = Debug|Any CPU
		{485794BA-74C8-40B2-90F5-65B88C9B27BB}.Debug|x64.Build.0 = Debug|x64
		{485794BA-74C8-40B2-90F5-65B88C9B27BB}.Debug|x64.ActiveCfg = Debug|x64
		{485794BA-74C8-40B2-90F5-65B88C9B27BB}.Release|Any CPU.Build.0 = Release|Any CPU
		{485794BA-74C8-40B2-90F5-65B88C9B27BB}.Release|Any CPU.ActiveCfg = Release|Any CPU
		{485794BA-74C8-40B2-90F5-65B88C9B27BB}.Release|Win32.Build.0 = Release|Any CPU
		{485794BA-74C8-40B2-90F5-65B88C9B27BB}.Release|Win32.ActiveCfg = Release|x86
		{485794BA-74C8-40B2-90F5-65B88C9B27BB}.Release|x64.Build.0 = Release|x64
		{485794BA-74C8-40B2-90F5-65B88C9B27BB}.Release|x64.ActiveCfg = Release|x64
		{4E76B22B-92D1-4287-B6E4-A176037AEE6C}.Debug|Any CPU.Build.0 = Debug|Any CPU
		{4E76B22B-92D1-4287-B6E4-A176037AEE6C}.Debug|Any CPU.ActiveCfg = Debug|Any CPU
		{4E76B22B-92D1-4287-B6E4-A176037AEE6C}.Debug|Win32.Build.0 = Debug|Any CPU
		{4E76B22B-92D1-4287-B6E4-A176037AEE6C}.Debug|Win32.ActiveCfg = Debug|Any CPU
		{4E76B22B-92D1-4287-B6E4-A176037AEE6C}.Debug|x64.Build.0 = Debug|x64
		{4E76B22B-92D1-4287-B6E4-A176037AEE6C}.Debug|x64.ActiveCfg = Debug|x64
		{4E76B22B-92D1-4287-B6E4-A176037AEE6C}.Release|Any CPU.Build.0 = Release|Any CPU
		{4E76B22B-92D1-4287-B6E4-A176037AEE6C}.Release|Any CPU.ActiveCfg = Release|Any CPU
		{4E76B22B-92D1-4287-B6E4-A176037AEE6C}.Release|Win32.Build.0 = Release|Any CPU
		{4E76B22B-92D1-4287-B6E4-A176037AEE6C}.Release|Win32.ActiveCfg = Release|x86
		{4E76B22B-92D1-4287-B6E4-A176037AEE6C}.Release|x64.Build.0 = Release|x64
		{4E76B22B-92D1-4287-B6E4-A176037AEE6C}.Release|x64.ActiveCfg = Release|x64
		{0F3F6153-C00A-445E-9548-B9919B064209}.Debug|Any CPU.Build.0 = Debug|Any CPU
		{0F3F6153-C00A-445E-9548-B9919B064209}.Debug|Any CPU.ActiveCfg = Debug|Any CPU
		{0F3F6153-C00A-445E-9548-B9919B064209}.Debug|Win32.Build.0 = Debug|Any CPU
		{0F3F6153-C00A-445E-9548-B9919B064209}.Debug|Win32.ActiveCfg = Debug|Any CPU
		{0F3F6153-C00A-445E-9548-B9919B064209}.Debug|x64.Build.0 = Debug|x64
		{0F3F6153-C00A-445E-9548-B9919B064209}.Debug|x64.ActiveCfg = Debug|x64
		{0F3F6153-C00A-445E-9548-B9919B064209}.Release|Any CPU.Build.0 = Release|Any CPU
		{0F3F6153-C00A-445E-9548-B9919B064209}.Release|Any CPU.ActiveCfg = Release|Any CPU
		{0F3F6153-C00A-445E-9548-B9919B064209}.Release|Win32.Build.0 = Release|Any CPU
		{0F3F6153-C00A-445E-9548-B9919B064209}.Release|Win32.ActiveCfg = Release|x86
		{0F3F6153-C00A-445E-9548-B9919B064209}.Release|x64.Build.0 = Release|x64
		{0F3F6153-C00A-445E-9548-B9919B064209}.Release|x64.ActiveCfg = Release|x64
		{B32B7153-C968-40CF-BF1D-D0BCB92121E6}.Debug|Any CPU.Build.0 = Debug|Any CPU
		{B32B7153-C968-40CF-BF1D-D0BCB92121E6}.Debug|Any CPU.ActiveCfg = Debug|Any CPU
		{B32B7153-C968-40CF-BF1D-D0BCB92121E6}.Debug|Win32.Build.0 = Debug|Any CPU
		{B32B7153-C968-40CF-BF1D-D0BCB92121E6}.Debug|Win32.ActiveCfg = Debug|Any CPU
		{B32B7153-C968-40CF-BF1D-D0BCB92121E6}.Debug|x64.Build.0 = Debug|x64
		{B32B7153-C968-40CF-BF1D-D0BCB92121E6}.Debug|x64.ActiveCfg = Debug|x64
		{B32B7153-C968-40CF-BF1D-D0BCB92121E6}.Release|Any CPU.Build.0 = Release|Any CPU
		{B32B7153-C968-40CF-BF1D-D0BCB92121E6}.Release|Any CPU.ActiveCfg = Release|Any CPU
		{B32B7153-C968-40CF-BF1D-D0BCB92121E6}.Release|Win32.Build.0 = Release|Any CPU
		{B32B7153-C968-40CF-BF1D-D0BCB92121E6}.Release|Win32.ActiveCfg = Release|x86
		{B32B7153-C968-40CF-BF1D-D0BCB92121E6}.Release|x64.Build.0 = Release|x64
		{B32B7153-C968-40CF-BF1D-D0BCB92121E6}.Release|x64.ActiveCfg = Release|x64
		{D688AA17-6F5A-4477-919E-6AB0D6102F42}.Debug|Any CPU.Build.0 = Debug|Any CPU
		{D688AA17-6F5A-4477-919E-6AB0D6102F42}.Debug|Any CPU.ActiveCfg = Debug|Any CPU
		{D688AA17-6F5A-4477-919E-6AB0D6102F42}.Debug|Win32.Build.0 = Debug|Any CPU
		{D688AA17-6F5A-4477-919E-6AB0D6102F42}.Debug|Win32.ActiveCfg = Debug|Any CPU
		{D688AA17-6F5A-4477-919E-6AB0D6102F42}.Debug|x64.Build.0 = Debug|x64
		{D688AA17-6F5A-4477-919E-6AB0D6102F42}.Debug|x64.ActiveCfg = Debug|x64
		{D688AA17-6F5A-4477-919E-6AB0D6102F42}.Release|Any CPU.Build.0 = Release|Any CPU
		{D688AA17-6F5A-4477-919E-6AB0D6102F42}.Release|Any CPU.ActiveCfg = Release|Any CPU
		{D688AA17-6F5A-4477-919E-6AB0D6102F42}.Release|Win32.Build.0 = Release|Any CPU
		{D688AA17-6F5A-4477-919E-6AB0D6102F42}.Release|Win32.ActiveCfg = Release|x86
		{D688AA17-6F5A-4477-919E-6AB0D6102F42}.Release|x64.Build.0 = Release|x64
		{D688AA17-6F5A-4477-919E-6AB0D6102F42}.Release|x64.ActiveCfg = Release|x64
		{7D95AB9A-6989-4E19-B725-1148BB8B16CF}.Debug|Any CPU.Build.0 = Debug|Any CPU
		{7D95AB9A-6989-4E19-B725-1148BB8B16CF}.Debug|Any CPU.ActiveCfg = Debug|Any CPU
		{7D95AB9A-6989-4E19-B725-1148BB8B16CF}.Debug|Win32.Build.0 = Debug|Any CPU
		{7D95AB9A-6989-4E19-B725-1148BB8B16CF}.Debug|Win32.ActiveCfg = Debug|Any CPU
		{7D95AB9A-6989-4E19-B725-1148BB8B16CF}.Debug|x64.Build.0 = Debug|x64
		{7D95AB9A-6989-4E19-B725-1148BB8B16CF}.Debug|x64.ActiveCfg = Debug|x64
		{7D95AB9A-6989-4E19-B725-1148BB8B16CF}.Release|Any CPU.Build.0 = Release|Any CPU
		{7D95AB9A-6989-4E19-B725-1148BB8B16CF}.Release|Any CPU.ActiveCfg = Release|Any CPU
		{7D95AB9A-6989-4E19-B725-1148BB8B16CF}.Release|Win32.Build.0 = Release|Any CPU
		{7D95AB9A-6989-4E19-B725-1148BB8B16CF}.Release|Win32.ActiveCfg = Release|x86
		{7D95AB9A-6989-4E19-B725-1148BB8B16CF}.Release|x64.Build.0 = Release|x64
		{7D95AB9A-6989-4E19-B725-1148BB8B16CF}.Release|x64.ActiveCfg = Release|x64
		{5A35CBD1-8A49-4548-92B6-7B189A91F371}.Debug|Any CPU.Build.0 = Debug|Any CPU
		{5A35CBD1-8A49-4548-92B6-7B189A91F371}.Debug|Any CPU.ActiveCfg = Debug|Any CPU
		{5A35CBD1-8A49-4548-92B6-7B189A91F371}.Debug|Win32.Build.0 = Debug|Any CPU
		{5A35CBD1-8A49-4548-92B6-7B189A91F371}.Debug|Win32.ActiveCfg = Debug|Any CPU
		{5A35CBD1-8A49-4548-92B6-7B189A91F371}.Debug|x64.Build.0 = Debug|x64
		{5A35CBD1-8A49-4548-92B6-7B189A91F371}.Debug|x64.ActiveCfg = Debug|x64
		{5A35CBD1-8A49-4548-92B6-7B189A91F371}.Release|Any CPU.Build.0 = Release|Any CPU
		{5A35CBD1-8A49-4548-92B6-7B189A91F371}.Release|Any CPU.ActiveCfg = Release|Any CPU
		{5A35CBD1-8A49-4548-92B6-7B189A91F371}.Release|Win32.Build.0 = Release|Any CPU
		{5A35CBD1-8A49-4548-92B6-7B189A91F371}.Release|Win32.ActiveCfg = Release|x86
		{5A35CBD1-8A49-4548-92B6-7B189A91F371}.Release|x64.Build.0 = Release|x64
		{5A35CBD1-8A49-4548-92B6-7B189A91F371}.Release|x64.ActiveCfg = Release|x64
		{7FE32DC1-82DD-4FFD-BB0D-F236B62AA956}.Debug|Any CPU.Build.0 = Debug|Any CPU
		{7FE32DC1-82DD-4FFD-BB0D-F236B62AA956}.Debug|Any CPU.ActiveCfg = Debug|Any CPU
		{7FE32DC1-82DD-4FFD-BB0D-F236B62AA956}.Debug|Win32.Build.0 = Debug|Any CPU
		{7FE32DC1-82DD-4FFD-BB0D-F236B62AA956}.Debug|Win32.ActiveCfg = Debug|Any CPU
		{7FE32DC1-82DD-4FFD-BB0D-F236B62AA956}.Debug|x64.Build.0 = Debug|x64
		{7FE32DC1-82DD-4FFD-BB0D-F236B62AA956}.Debug|x64.ActiveCfg = Debug|x64
		{7FE32DC1-82DD-4FFD-BB0D-F236B62AA956}.Release|Any CPU.Build.0 = Release|Any CPU
		{7FE32DC1-82DD-4FFD-BB0D-F236B62AA956}.Release|Any CPU.ActiveCfg = Release|Any CPU
		{7FE32DC1-82DD-4FFD-BB0D-F236B62AA956}.Release|Win32.Build.0 = Release|Any CPU
		{7FE32DC1-82DD-4FFD-BB0D-F236B62AA956}.Release|Win32.ActiveCfg = Release|x86
		{7FE32DC1-82DD-4FFD-BB0D-F236B62AA956}.Release|x64.Build.0 = Release|x64
		{7FE32DC1-82DD-4FFD-BB0D-F236B62AA956}.Release|x64.ActiveCfg = Release|x64
		{DE94C3AA-AD4E-4157-BEB2-2D1560164302}.Debug|Any CPU.Build.0 = Debug|Any CPU
		{DE94C3AA-AD4E-4157-BEB2-2D1560164302}.Debug|Any CPU.ActiveCfg = Debug|Any CPU
		{DE94C3AA-AD4E-4157-BEB2-2D1560164302}.Debug|Win32.Build.0 = Debug|Any CPU
		{DE94C3AA-AD4E-4157-BEB2-2D1560164302}.Debug|Win32.ActiveCfg = Debug|Any CPU
		{DE94C3AA-AD4E-4157-BEB2-2D1560164302}.Debug|x64.Build.0 = Debug|x64
		{DE94C3AA-AD4E-4157-BEB2-2D1560164302}.Debug|x64.ActiveCfg = Debug|x64
		{DE94C3AA-AD4E-4157-BEB2-2D1560164302}.Release|Any CPU.Build.0 = Release|Any CPU
		{DE94C3AA-AD4E-4157-BEB2-2D1560164302}.Release|Any CPU.ActiveCfg = Release|Any CPU
		{DE94C3AA-AD4E-4157-BEB2-2D1560164302}.Release|Win32.Build.0 = Release|Any CPU
		{DE94C3AA-AD4E-4157-BEB2-2D1560164302}.Release|Win32.ActiveCfg = Release|x86
		{DE94C3AA-AD4E-4157-BEB2-2D1560164302}.Release|x64.Build.0 = Release|x64
		{DE94C3AA-AD4E-4157-BEB2-2D1560164302}.Release|x64.ActiveCfg = Release|x64
		{4CEEF5DD-7802-40A2-BB5D-2A61E2DCFC0E}.Debug|Any CPU.Build.0 = Debug|Any CPU
		{4CEEF5DD-7802-40A2-BB5D-2A61E2DCFC0E}.Debug|Any CPU.ActiveCfg = Debug|Any CPU
		{4CEEF5DD-7802-40A2-BB5D-2A61E2DCFC0E}.Debug|Win32.Build.0 = Debug|Any CPU
		{4CEEF5DD-7802-40A2-BB5D-2A61E2DCFC0E}.Debug|Win32.ActiveCfg = Debug|Any CPU
		{4CEEF5DD-7802-40A2-BB5D-2A61E2DCFC0E}.Debug|x64.Build.0 = Debug|x64
		{4CEEF5DD-7802-40A2-BB5D-2A61E2DCFC0E}.Debug|x64.ActiveCfg = Debug|x64
		{4CEEF5DD-7802-40A2-BB5D-2A61E2DCFC0E}.Release|Any CPU.Build.0 = Release|Any CPU
		{4CEEF5DD-7802-40A2-BB5D-2A61E2DCFC0E}.Release|Any CPU.ActiveCfg = Release|Any CPU
		{4CEEF5DD-7802-40A2-BB5D-2A61E2DCFC0E}.Release|Win32.Build.0 = Release|Any CPU
		{4CEEF5DD-7802-40A2-BB5D-2A61E2DCFC0E}.Release|Win32.ActiveCfg = Release|x86
		{4CEEF5DD-7802-40A2-BB5D-2A61E2DCFC0E}.Release|x64.Build.0 = Release|x64
		{4CEEF5DD-7802-40A2-BB5D-2A61E2DCFC0E}.Release|x64.ActiveCfg = Release|x64
		{0607E78C-1CE1-4ACD-975F-9D11B6B85E42}.Debug|Any CPU.Build.0 = Debug|Any CPU
		{0607E78C-1CE1-4ACD-975F-9D11B6B85E42}.Debug|Any CPU.ActiveCfg = Debug|Any CPU
		{0607E78C-1CE1-4ACD-975F-9D11B6B85E42}.Debug|Win32.Build.0 = Debug|Any CPU
		{0607E78C-1CE1-4ACD-975F-9D11B6B85E42}.Debug|Win32.ActiveCfg = Debug|Any CPU
		{0607E78C-1CE1-4ACD-975F-9D11B6B85E42}.Debug|x64.Build.0 = Debug|x64
		{0607E78C-1CE1-4ACD-975F-9D11B6B85E42}.Debug|x64.ActiveCfg = Debug|x64
		{0607E78C-1CE1-4ACD-975F-9D11B6B85E42}.Release|Any CPU.Build.0 = Release|Any CPU
		{0607E78C-1CE1-4ACD-975F-9D11B6B85E42}.Release|Any CPU.ActiveCfg = Release|Any CPU
		{0607E78C-1CE1-4ACD-975F-9D11B6B85E42}.Release|Win32.Build.0 = Release|Any CPU
		{0607E78C-1CE1-4ACD-975F-9D11B6B85E42}.Release|Win32.ActiveCfg = Release|x86
		{0607E78C-1CE1-4ACD-975F-9D11B6B85E42}.Release|x64.Build.0 = Release|x64
		{0607E78C-1CE1-4ACD-975F-9D11B6B85E42}.Release|x64.ActiveCfg = Release|x64
		{372D35E3-631E-47CB-B16D-E4E99129CCF2}.Debug|Any CPU.Build.0 = Debug|Any CPU
		{372D35E3-631E-47CB-B16D-E4E99129CCF2}.Debug|Any CPU.ActiveCfg = Debug|Any CPU
		{372D35E3-631E-47CB-B16D-E4E99129CCF2}.Debug|Win32.Build.0 = Debug|Any CPU
		{372D35E3-631E-47CB-B16D-E4E99129CCF2}.Debug|Win32.ActiveCfg = Debug|Any CPU
		{372D35E3-631E-47CB-B16D-E4E99129CCF2}.Debug|x64.Build.0 = Debug|x64
		{372D35E3-631E-47CB-B16D-E4E99129CCF2}.Debug|x64.ActiveCfg = Debug|x64
		{372D35E3-631E-47CB-B16D-E4E99129CCF2}.Release|Any CPU.Build.0 = Release|Any CPU
		{372D35E3-631E-47CB-B16D-E4E99129CCF2}.Release|Any CPU.ActiveCfg = Release|Any CPU
		{372D35E3-631E-47CB-B16D-E4E99129CCF2}.Release|Win32.Build.0 = Release|Any CPU
		{372D35E3-631E-47CB-B16D-E4E99129CCF2}.Release|Win32.ActiveCfg = Release|x86
		{372D35E3-631E-47CB-B16D-E4E99129CCF2}.Release|x64.Build.0 = Release|x64
		{372D35E3-631E-47CB-B16D-E4E99129CCF2}.Release|x64.ActiveCfg = Release|x64
		{083E5C57-F7DD-45F9-A26A-34D4664BD5C4}.Debug|Any CPU.Build.0 = Debug|x64
		{083E5C57-F7DD-45F9-A26A-34D4664BD5C4}.Debug|Any CPU.ActiveCfg = Debug|x64
		{083E5C57-F7DD-45F9-A26A-34D4664BD5C4}.Debug|Win32.Build.0 = Debug|x64
		{083E5C57-F7DD-45F9-A26A-34D4664BD5C4}.Debug|Win32.ActiveCfg = Debug|x64
		{083E5C57-F7DD-45F9-A26A-34D4664BD5C4}.Debug|x64.Build.0 = Debug|x64
		{083E5C57-F7DD-45F9-A26A-34D4664BD5C4}.Debug|x64.ActiveCfg = Debug|x64
		{083E5C57-F7DD-45F9-A26A-34D4664BD5C4}.Release|Any CPU.Build.0 = Release|x64
		{083E5C57-F7DD-45F9-A26A-34D4664BD5C4}.Release|Any CPU.ActiveCfg = Release|x64
		{083E5C57-F7DD-45F9-A26A-34D4664BD5C4}.Release|Win32.Build.0 = Release|x64
		{083E5C57-F7DD-45F9-A26A-34D4664BD5C4}.Release|Win32.ActiveCfg = Release|x86
		{083E5C57-F7DD-45F9-A26A-34D4664BD5C4}.Release|x64.Build.0 = Release|x64
		{083E5C57-F7DD-45F9-A26A-34D4664BD5C4}.Release|x64.ActiveCfg = Release|x64
		{92AD6C10-C16B-4CEE-8B0D-D0E092ED8A67}.Debug|Any CPU.Build.0 = Debug|Any CPU
		{92AD6C10-C16B-4CEE-8B0D-D0E092ED8A67}.Debug|Any CPU.ActiveCfg = Debug|Any CPU
		{92AD6C10-C16B-4CEE-8B0D-D0E092ED8A67}.Debug|Win32.Build.0 = Debug|Any CPU
		{92AD6C10-C16B-4CEE-8B0D-D0E092ED8A67}.Debug|Win32.ActiveCfg = Debug|Any CPU
		{92AD6C10-C16B-4CEE-8B0D-D0E092ED8A67}.Debug|x64.Build.0 = Debug|x64
		{92AD6C10-C16B-4CEE-8B0D-D0E092ED8A67}.Debug|x64.ActiveCfg = Debug|x64
		{92AD6C10-C16B-4CEE-8B0D-D0E092ED8A67}.Release|Any CPU.Build.0 = Release|Any CPU
		{92AD6C10-C16B-4CEE-8B0D-D0E092ED8A67}.Release|Any CPU.ActiveCfg = Release|Any CPU
		{92AD6C10-C16B-4CEE-8B0D-D0E092ED8A67}.Release|Win32.Build.0 = Release|Any CPU
		{92AD6C10-C16B-4CEE-8B0D-D0E092ED8A67}.Release|Win32.ActiveCfg = Release|x86
		{92AD6C10-C16B-4CEE-8B0D-D0E092ED8A67}.Release|x64.Build.0 = Release|x64
		{92AD6C10-C16B-4CEE-8B0D-D0E092ED8A67}.Release|x64.ActiveCfg = Release|x64
		{D26306A4-8A9B-4771-A8F3-2606ED2C1DA0}.Debug|Any CPU.Build.0 = Debug|Any CPU
		{D26306A4-8A9B-4771-A8F3-2606ED2C1DA0}.Debug|Any CPU.ActiveCfg = Debug|Any CPU
		{D26306A4-8A9B-4771-A8F3-2606ED2C1DA0}.Debug|Win32.Build.0 = Debug|Any CPU
		{D26306A4-8A9B-4771-A8F3-2606ED2C1DA0}.Debug|Win32.ActiveCfg = Debug|Any CPU
		{D26306A4-8A9B-4771-A8F3-2606ED2C1DA0}.Debug|x64.Build.0 = Debug|x64
		{D26306A4-8A9B-4771-A8F3-2606ED2C1DA0}.Debug|x64.ActiveCfg = Debug|x64
		{D26306A4-8A9B-4771-A8F3-2606ED2C1DA0}.Release|Any CPU.Build.0 = Release|Any CPU
		{D26306A4-8A9B-4771-A8F3-2606ED2C1DA0}.Release|Any CPU.ActiveCfg = Release|Any CPU
		{D26306A4-8A9B-4771-A8F3-2606ED2C1DA0}.Release|Win32.Build.0 = Release|Any CPU
		{D26306A4-8A9B-4771-A8F3-2606ED2C1DA0}.Release|Win32.ActiveCfg = Release|x86
		{D26306A4-8A9B-4771-A8F3-2606ED2C1DA0}.Release|x64.Build.0 = Release|x64
		{D26306A4-8A9B-4771-A8F3-2606ED2C1DA0}.Release|x64.ActiveCfg = Release|x64
		{9C325970-DB83-481B-9CB6-C398F93E9D43}.Debug|Any CPU.Build.0 = Debug|Any CPU
		{9C325970-DB83-481B-9CB6-C398F93E9D43}.Debug|Any CPU.ActiveCfg = Debug|Any CPU
		{9C325970-DB83-481B-9CB6-C398F93E9D43}.Debug|Win32.Build.0 = Debug|Any CPU
		{9C325970-DB83-481B-9CB6-C398F93E9D43}.Debug|Win32.ActiveCfg = Debug|Any CPU
		{9C325970-DB83-481B-9CB6-C398F93E9D43}.Debug|x64.Build.0 = Debug|x64
		{9C325970-DB83-481B-9CB6-C398F93E9D43}.Debug|x64.ActiveCfg = Debug|x64
		{9C325970-DB83-481B-9CB6-C398F93E9D43}.Release|Any CPU.Build.0 = Release|Any CPU
		{9C325970-DB83-481B-9CB6-C398F93E9D43}.Release|Any CPU.ActiveCfg = Release|Any CPU
		{9C325970-DB83-481B-9CB6-C398F93E9D43}.Release|Win32.Build.0 = Release|Any CPU
		{9C325970-DB83-481B-9CB6-C398F93E9D43}.Release|Win32.ActiveCfg = Release|x86
		{9C325970-DB83-481B-9CB6-C398F93E9D43}.Release|x64.Build.0 = Release|x64
		{9C325970-DB83-481B-9CB6-C398F93E9D43}.Release|x64.ActiveCfg = Release|x64
		{1AA3D678-F8F4-4DDB-BBA3-47FFC9A8D896}.Debug|Any CPU.Build.0 = Debug|Any CPU
		{1AA3D678-F8F4-4DDB-BBA3-47FFC9A8D896}.Debug|Any CPU.ActiveCfg = Debug|Any CPU
		{1AA3D678-F8F4-4DDB-BBA3-47FFC9A8D896}.Debug|Win32.Build.0 = Debug|Any CPU
		{1AA3D678-F8F4-4DDB-BBA3-47FFC9A8D896}.Debug|Win32.ActiveCfg = Debug|Any CPU
		{1AA3D678-F8F4-4DDB-BBA3-47FFC9A8D896}.Debug|x64.Build.0 = Debug|x64
		{1AA3D678-F8F4-4DDB-BBA3-47FFC9A8D896}.Debug|x64.ActiveCfg = Debug|x64
		{1AA3D678-F8F4-4DDB-BBA3-47FFC9A8D896}.Release|Any CPU.Build.0 = Release|Any CPU
		{1AA3D678-F8F4-4DDB-BBA3-47FFC9A8D896}.Release|Any CPU.ActiveCfg = Release|Any CPU
		{1AA3D678-F8F4-4DDB-BBA3-47FFC9A8D896}.Release|Win32.Build.0 = Release|Any CPU
		{1AA3D678-F8F4-4DDB-BBA3-47FFC9A8D896}.Release|Win32.ActiveCfg = Release|x86
		{1AA3D678-F8F4-4DDB-BBA3-47FFC9A8D896}.Release|x64.Build.0 = Release|x64
		{1AA3D678-F8F4-4DDB-BBA3-47FFC9A8D896}.Release|x64.ActiveCfg = Release|x64
		{CD42B868-F82B-4C12-9D6B-A2CD4BCEDA31}.Debug|Any CPU.Build.0 = Debug|Any CPU
		{CD42B868-F82B-4C12-9D6B-A2CD4BCEDA31}.Debug|Any CPU.ActiveCfg = Debug|Any CPU
		{CD42B868-F82B-4C12-9D6B-A2CD4BCEDA31}.Debug|Win32.Build.0 = Debug|Any CPU
		{CD42B868-F82B-4C12-9D6B-A2CD4BCEDA31}.Debug|Win32.ActiveCfg = Debug|Any CPU
		{CD42B868-F82B-4C12-9D6B-A2CD4BCEDA31}.Debug|x64.Build.0 = Debug|x64
		{CD42B868-F82B-4C12-9D6B-A2CD4BCEDA31}.Debug|x64.ActiveCfg = Debug|x64
		{CD42B868-F82B-4C12-9D6B-A2CD4BCEDA31}.Release|Any CPU.Build.0 = Release|Any CPU
		{CD42B868-F82B-4C12-9D6B-A2CD4BCEDA31}.Release|Any CPU.ActiveCfg = Release|Any CPU
		{CD42B868-F82B-4C12-9D6B-A2CD4BCEDA31}.Release|Win32.Build.0 = Release|Any CPU
		{CD42B868-F82B-4C12-9D6B-A2CD4BCEDA31}.Release|Win32.ActiveCfg = Release|x86
		{CD42B868-F82B-4C12-9D6B-A2CD4BCEDA31}.Release|x64.Build.0 = Release|x64
		{CD42B868-F82B-4C12-9D6B-A2CD4BCEDA31}.Release|x64.ActiveCfg = Release|x64
		{0E1BEC0C-A034-407B-A868-A5E5984613E6}.Debug|Any CPU.Build.0 = Debug|Any CPU
		{0E1BEC0C-A034-407B-A868-A5E5984613E6}.Debug|Any CPU.ActiveCfg = Debug|Any CPU
		{0E1BEC0C-A034-407B-A868-A5E5984613E6}.Debug|Win32.Build.0 = Debug|Any CPU
		{0E1BEC0C-A034-407B-A868-A5E5984613E6}.Debug|Win32.ActiveCfg = Debug|Any CPU
		{0E1BEC0C-A034-407B-A868-A5E5984613E6}.Debug|x64.Build.0 = Debug|x64
		{0E1BEC0C-A034-407B-A868-A5E5984613E6}.Debug|x64.ActiveCfg = Debug|x64
		{0E1BEC0C-A034-407B-A868-A5E5984613E6}.Release|Any CPU.Build.0 = Release|Any CPU
		{0E1BEC0C-A034-407B-A868-A5E5984613E6}.Release|Any CPU.ActiveCfg = Release|Any CPU
		{0E1BEC0C-A034-407B-A868-A5E5984613E6}.Release|Win32.Build.0 = Release|Any CPU
		{0E1BEC0C-A034-407B-A868-A5E5984613E6}.Release|Win32.ActiveCfg = Release|x86
		{0E1BEC0C-A034-407B-A868-A5E5984613E6}.Release|x64.Build.0 = Release|x64
		{0E1BEC0C-A034-407B-A868-A5E5984613E6}.Release|x64.ActiveCfg = Release|x64
		{F76E06F7-F697-4BA3-8CF6-6CE283867983}.Debug|Any CPU.Build.0 = Debug|Any CPU
		{F76E06F7-F697-4BA3-8CF6-6CE283867983}.Debug|Any CPU.ActiveCfg = Debug|Any CPU
		{F76E06F7-F697-4BA3-8CF6-6CE283867983}.Debug|Win32.Build.0 = Debug|Any CPU
		{F76E06F7-F697-4BA3-8CF6-6CE283867983}.Debug|Win32.ActiveCfg = Debug|Any CPU
		{F76E06F7-F697-4BA3-8CF6-6CE283867983}.Debug|x64.Build.0 = Debug|x64
		{F76E06F7-F697-4BA3-8CF6-6CE283867983}.Debug|x64.ActiveCfg = Debug|x64
		{F76E06F7-F697-4BA3-8CF6-6CE283867983}.Release|Any CPU.Build.0 = Release|Any CPU
		{F76E06F7-F697-4BA3-8CF6-6CE283867983}.Release|Any CPU.ActiveCfg = Release|Any CPU
		{F76E06F7-F697-4BA3-8CF6-6CE283867983}.Release|Win32.Build.0 = Release|Any CPU
		{F76E06F7-F697-4BA3-8CF6-6CE283867983}.Release|Win32.ActiveCfg = Release|x86
		{F76E06F7-F697-4BA3-8CF6-6CE283867983}.Release|x64.Build.0 = Release|x64
		{F76E06F7-F697-4BA3-8CF6-6CE283867983}.Release|x64.ActiveCfg = Release|x64
		{DFCD010A-FB97-4AC1-9248-22D34CF7FC39}.Debug|Any CPU.Build.0 = Debug|x64
		{DFCD010A-FB97-4AC1-9248-22D34CF7FC39}.Debug|Any CPU.ActiveCfg = Debug|x64
		{DFCD010A-FB97-4AC1-9248-22D34CF7FC39}.Debug|Win32.Build.0 = Debug|x64
		{DFCD010A-FB97-4AC1-9248-22D34CF7FC39}.Debug|Win32.ActiveCfg = Debug|x64
		{DFCD010A-FB97-4AC1-9248-22D34CF7FC39}.Debug|x64.Build.0 = Debug|x64
		{DFCD010A-FB97-4AC1-9248-22D34CF7FC39}.Debug|x64.ActiveCfg = Debug|x64
		{DFCD010A-FB97-4AC1-9248-22D34CF7FC39}.Release|Any CPU.Build.0 = Release|x64
		{DFCD010A-FB97-4AC1-9248-22D34CF7FC39}.Release|Any CPU.ActiveCfg = Release|x64
		{DFCD010A-FB97-4AC1-9248-22D34CF7FC39}.Release|Win32.Build.0 = Release|x64
		{DFCD010A-FB97-4AC1-9248-22D34CF7FC39}.Release|Win32.ActiveCfg = Release|x86
		{DFCD010A-FB97-4AC1-9248-22D34CF7FC39}.Release|x64.Build.0 = Release|x64
		{DFCD010A-FB97-4AC1-9248-22D34CF7FC39}.Release|x64.ActiveCfg = Release|x64
		{94C7D3A0-2AD9-4D45-8E14-8A1BD76D7936}.Debug|Any CPU.Build.0 = Debug|x64
		{94C7D3A0-2AD9-4D45-8E14-8A1BD76D7936}.Debug|Any CPU.ActiveCfg = Debug|x64
		{94C7D3A0-2AD9-4D45-8E14-8A1BD76D7936}.Debug|Win32.Build.0 = Debug|x64
		{94C7D3A0-2AD9-4D45-8E14-8A1BD76D7936}.Debug|Win32.ActiveCfg = Debug|x64
		{94C7D3A0-2AD9-4D45-8E14-8A1BD76D7936}.Debug|x64.Build.0 = Debug|x64
		{94C7D3A0-2AD9-4D45-8E14-8A1BD76D7936}.Debug|x64.ActiveCfg = Debug|x64
		{94C7D3A0-2AD9-4D45-8E14-8A1BD76D7936}.Release|Any CPU.Build.0 = Release|x64
		{94C7D3A0-2AD9-4D45-8E14-8A1BD76D7936}.Release|Any CPU.ActiveCfg = Release|x64
		{94C7D3A0-2AD9-4D45-8E14-8A1BD76D7936}.Release|Win32.Build.0 = Release|x64
		{94C7D3A0-2AD9-4D45-8E14-8A1BD76D7936}.Release|Win32.ActiveCfg = Release|x86
		{94C7D3A0-2AD9-4D45-8E14-8A1BD76D7936}.Release|x64.Build.0 = Release|x64
		{94C7D3A0-2AD9-4D45-8E14-8A1BD76D7936}.Release|x64.ActiveCfg = Release|x64
		{B823F483-CD5A-4D68-8075-55301F002E69}.Debug|Any CPU.Build.0 = Debug|x64
		{B823F483-CD5A-4D68-8075-55301F002E69}.Debug|Any CPU.ActiveCfg = Debug|x64
		{B823F483-CD5A-4D68-8075-55301F002E69}.Debug|Win32.Build.0 = Debug|x64
		{B823F483-CD5A-4D68-8075-55301F002E69}.Debug|Win32.ActiveCfg = Debug|x64
		{B823F483-CD5A-4D68-8075-55301F002E69}.Debug|x64.Build.0 = Debug|x64
		{B823F483-CD5A-4D68-8075-55301F002E69}.Debug|x64.ActiveCfg = Debug|x64
		{B823F483-CD5A-4D68-8075-55301F002E69}.Release|Any CPU.Build.0 = Release|x64
		{B823F483-CD5A-4D68-8075-55301F002E69}.Release|Any CPU.ActiveCfg = Release|x64
		{B823F483-CD5A-4D68-8075-55301F002E69}.Release|Win32.Build.0 = Release|x64
		{B823F483-CD5A-4D68-8075-55301F002E69}.Release|Win32.ActiveCfg = Release|x86
		{B823F483-CD5A-4D68-8075-55301F002E69}.Release|x64.Build.0 = Release|x64
		{B823F483-CD5A-4D68-8075-55301F002E69}.Release|x64.ActiveCfg = Release|x64
		{E861AE03-0252-4AD1-AF46-9A7C0EC0D371}.Debug|Any CPU.Build.0 = Debug|x64
		{E861AE03-0252-4AD1-AF46-9A7C0EC0D371}.Debug|Any CPU.ActiveCfg = Debug|x64
		{E861AE03-0252-4AD1-AF46-9A7C0EC0D371}.Debug|Win32.Build.0 = Debug|x64
		{E861AE03-0252-4AD1-AF46-9A7C0EC0D371}.Debug|Win32.ActiveCfg = Debug|x64
		{E861AE03-0252-4AD1-AF46-9A7C0EC0D371}.Debug|x64.Build.0 = Debug|x64
		{E861AE03-0252-4AD1-AF46-9A7C0EC0D371}.Debug|x64.ActiveCfg = Debug|x64
		{E861AE03-0252-4AD1-AF46-9A7C0EC0D371}.Release|Any CPU.Build.0 = Release|x64
		{E861AE03-0252-4AD1-AF46-9A7C0EC0D371}.Release|Any CPU.ActiveCfg = Release|x64
		{E861AE03-0252-4AD1-AF46-9A7C0EC0D371}.Release|Win32.Build.0 = Release|x64
		{E861AE03-0252-4AD1-AF46-9A7C0EC0D371}.Release|Win32.ActiveCfg = Release|x86
		{E861AE03-0252-4AD1-AF46-9A7C0EC0D371}.Release|x64.Build.0 = Release|x64
		{E861AE03-0252-4AD1-AF46-9A7C0EC0D371}.Release|x64.ActiveCfg = Release|x64
		{5AB8730E-F037-4B07-8EF4-78B9E5CFBDAF}.Debug|Any CPU.Build.0 = Debug|x64
		{5AB8730E-F037-4B07-8EF4-78B9E5CFBDAF}.Debug|Any CPU.ActiveCfg = Debug|x64
		{5AB8730E-F037-4B07-8EF4-78B9E5CFBDAF}.Debug|Win32.Build.0 = Debug|x64
		{5AB8730E-F037-4B07-8EF4-78B9E5CFBDAF}.Debug|Win32.ActiveCfg = Debug|x64
		{5AB8730E-F037-4B07-8EF4-78B9E5CFBDAF}.Debug|x64.Build.0 = Debug|x64
		{5AB8730E-F037-4B07-8EF4-78B9E5CFBDAF}.Debug|x64.ActiveCfg = Debug|x64
		{5AB8730E-F037-4B07-8EF4-78B9E5CFBDAF}.Release|Any CPU.Build.0 = Release|x64
		{5AB8730E-F037-4B07-8EF4-78B9E5CFBDAF}.Release|Any CPU.ActiveCfg = Release|x64
		{5AB8730E-F037-4B07-8EF4-78B9E5CFBDAF}.Release|Win32.Build.0 = Release|x64
		{5AB8730E-F037-4B07-8EF4-78B9E5CFBDAF}.Release|Win32.ActiveCfg = Release|x86
		{5AB8730E-F037-4B07-8EF4-78B9E5CFBDAF}.Release|x64.Build.0 = Release|x64
		{5AB8730E-F037-4B07-8EF4-78B9E5CFBDAF}.Release|x64.ActiveCfg = Release|x64
		{421CA0E4-E04D-44A2-9439-38B8765FEC1A}.Debug|Any CPU.Build.0 = Debug|x64
		{421CA0E4-E04D-44A2-9439-38B8765FEC1A}.Debug|Any CPU.ActiveCfg = Debug|x64
		{421CA0E4-E04D-44A2-9439-38B8765FEC1A}.Debug|Win32.Build.0 = Debug|x64
		{421CA0E4-E04D-44A2-9439-38B8765FEC1A}.Debug|Win32.ActiveCfg = Debug|x64
		{421CA0E4-E04D-44A2-9439-38B8765FEC1A}.Debug|x64.Build.0 = Debug|x64
		{421CA0E4-E04D-44A2-9439-38B8765FEC1A}.Debug|x64.ActiveCfg = Debug|x64
		{421CA0E4-E04D-44A2-9439-38B8765FEC1A}.Release|Any CPU.Build.0 = Release|x64
		{421CA0E4-E04D-44A2-9439-38B8765FEC1A}.Release|Any CPU.ActiveCfg = Release|x64
		{421CA0E4-E04D-44A2-9439-38B8765FEC1A}.Release|Win32.Build.0 = Release|x64
		{421CA0E4-E04D-44A2-9439-38B8765FEC1A}.Release|Win32.ActiveCfg = Release|x86
		{421CA0E4-E04D-44A2-9439-38B8765FEC1A}.Release|x64.Build.0 = Release|x64
		{421CA0E4-E04D-44A2-9439-38B8765FEC1A}.Release|x64.ActiveCfg = Release|x64
		{802AEE50-13D7-41D9-8689-9E0A066F6307}.Debug|Any CPU.Build.0 = Debug|x64
		{802AEE50-13D7-41D9-8689-9E0A066F6307}.Debug|Any CPU.ActiveCfg = Debug|x64
		{802AEE50-13D7-41D9-8689-9E0A066F6307}.Debug|Win32.Build.0 = Debug|x64
		{802AEE50-13D7-41D9-8689-9E0A066F6307}.Debug|Win32.ActiveCfg = Debug|x64
		{802AEE50-13D7-41D9-8689-9E0A066F6307}.Debug|x64.Build.0 = Debug|x64
		{802AEE50-13D7-41D9-8689-9E0A066F6307}.Debug|x64.ActiveCfg = Debug|x64
		{802AEE50-13D7-41D9-8689-9E0A066F6307}.Release|Any CPU.Build.0 = Release|x64
		{802AEE50-13D7-41D9-8689-9E0A066F6307}.Release|Any CPU.ActiveCfg = Release|x64
		{802AEE50-13D7-41D9-8689-9E0A066F6307}.Release|Win32.Build.0 = Release|x64
		{802AEE50-13D7-41D9-8689-9E0A066F6307}.Release|Win32.ActiveCfg = Release|x86
		{802AEE50-13D7-41D9-8689-9E0A066F6307}.Release|x64.Build.0 = Release|x64
		{802AEE50-13D7-41D9-8689-9E0A066F6307}.Release|x64.ActiveCfg = Release|x64
		{149945CE-7BF1-4C6D-8822-A33DD292BD7D}.Debug|Any CPU.Build.0 = Debug|x64
		{149945CE-7BF1-4C6D-8822-A33DD292BD7D}.Debug|Any CPU.ActiveCfg = Debug|x64
		{149945CE-7BF1-4C6D-8822-A33DD292BD7D}.Debug|Win32.Build.0 = Debug|x64
		{149945CE-7BF1-4C6D-8822-A33DD292BD7D}.Debug|Win32.ActiveCfg = Debug|x64
		{149945CE-7BF1-4C6D-8822-A33DD292BD7D}.Debug|x64.Build.0 = Debug|x64
		{149945CE-7BF1-4C6D-8822-A33DD292BD7D}.Debug|x64.ActiveCfg = Debug|x64
		{149945CE-7BF1-4C6D-8822-A33DD292BD7D}.Release|Any CPU.Build.0 = Release|x64
		{149945CE-7BF1-4C6D-8822-A33DD292BD7D}.Release|Any CPU.ActiveCfg = Release|x64
		{149945CE-7BF1-4C6D-8822-A33DD292BD7D}.Release|Win32.Build.0 = Release|x64
		{149945CE-7BF1-4C6D-8822-A33DD292BD7D}.Release|Win32.ActiveCfg = Release|x86
		{149945CE-7BF1-4C6D-8822-A33DD292BD7D}.Release|x64.Build.0 = Release|x64
		{149945CE-7BF1-4C6D-8822-A33DD292BD7D}.Release|x64.ActiveCfg = Release|x64
		{FDB0FFC8-1997-4B2F-AE8B-A72E382633CF}.Debug|Any CPU.Build.0 = Debug|x64
		{FDB0FFC8-1997-4B2F-AE8B-A72E382633CF}.Debug|Any CPU.ActiveCfg = Debug|x64
		{FDB0FFC8-1997-4B2F-AE8B-A72E382633CF}.Debug|Win32.Build.0 = Debug|x64
		{FDB0FFC8-1997-4B2F-AE8B-A72E382633CF}.Debug|Win32.ActiveCfg = Debug|x64
		{FDB0FFC8-1997-4B2F-AE8B-A72E382633CF}.Debug|x64.Build.0 = Debug|x64
		{FDB0FFC8-1997-4B2F-AE8B-A72E382633CF}.Debug|x64.ActiveCfg = Debug|x64
		{FDB0FFC8-1997-4B2F-AE8B-A72E382633CF}.Release|Any CPU.Build.0 = Release|x64
		{FDB0FFC8-1997-4B2F-AE8B-A72E382633CF}.Release|Any CPU.ActiveCfg = Release|x64
		{FDB0FFC8-1997-4B2F-AE8B-A72E382633CF}.Release|Win32.Build.0 = Release|x64
		{FDB0FFC8-1997-4B2F-AE8B-A72E382633CF}.Release|Win32.ActiveCfg = Release|x64
		{FDB0FFC8-1997-4B2F-AE8B-A72E382633CF}.Release|x64.Build.0 = Release|x64
		{FDB0FFC8-1997-4B2F-AE8B-A72E382633CF}.Release|x64.ActiveCfg = Release|x64
	EndGlobalSection
	GlobalSection(SolutionProperties) = preSolution
		HideSolutionNode = FALSE
	EndGlobalSection
EndGlobal
